// !$*UTF8*$!
{
	archiveVersion = 1;
	classes = {
	};
	objectVersion = 46;
	objects = {
/* Begin PBXBuildFile section */
		00E356F31AD99517003FC87E /* WooShopTests.m in Sources */ = {isa = PBXBuildFile; fileRef = 00E356F21AD99517003FC87E /* WooShopTests.m */; };
		13B07FBC1A68108700A75B9A /* AppDelegate.m in Sources */ = {isa = PBXBuildFile; fileRef = 13B07FB01A68108700A75B9A /* AppDelegate.m */; };
		13B07FBD1A68108700A75B9A /* LaunchScreen.xib in Resources */ = {isa = PBXBuildFile; fileRef = 13B07FB11A68108700A75B9A /* LaunchScreen.xib */; };
		13B07FBF1A68108700A75B9A /* Images.xcassets in Resources */ = {isa = PBXBuildFile; fileRef = 13B07FB51A68108700A75B9A /* Images.xcassets */; };
		13B07FC11A68108700A75B9A /* main.m in Sources */ = {isa = PBXBuildFile; fileRef = 13B07FB71A68108700A75B9A /* main.m */; };
		2D02E4BC1E0B4A80006451C7 /* AppDelegate.m in Sources */ = {isa = PBXBuildFile; fileRef = 13B07FB01A68108700A75B9A /* AppDelegate.m */; };
		2D02E4BD1E0B4A84006451C7 /* Images.xcassets in Resources */ = {isa = PBXBuildFile; fileRef = 13B07FB51A68108700A75B9A /* Images.xcassets */; };
		2D02E4BF1E0B4AB3006451C7 /* main.m in Sources */ = {isa = PBXBuildFile; fileRef = 13B07FB71A68108700A75B9A /* main.m */; };
		2DCD954D1E0B4F2C00145EB5 /* WooShopTests.m in Sources */ = {isa = PBXBuildFile; fileRef = 00E356F21AD99517003FC87E /* WooShopTests.m */; };
		36BBA71D0829448DAF1ABB0A /* AntDesign.ttf in Resources */ = {isa = PBXBuildFile; fileRef = 81A98428C2E749E38BBB6336 /* AntDesign.ttf */; };
		8BEB6426360A4FC28C8B9A67 /* Entypo.ttf in Resources */ = {isa = PBXBuildFile; fileRef = EA6E19D406BF41369299306C /* Entypo.ttf */; };
		6ED120688CCC4E819C8F76A4 /* EvilIcons.ttf in Resources */ = {isa = PBXBuildFile; fileRef = D0E99E7C9D344E8C8AF017D8 /* EvilIcons.ttf */; };
		7F2E28FA0C5F4D9C955054A2 /* Feather.ttf in Resources */ = {isa = PBXBuildFile; fileRef = E80883B05C03492E998907FA /* Feather.ttf */; };
		9F7A58FD611E4746B491AD68 /* FontAwesome.ttf in Resources */ = {isa = PBXBuildFile; fileRef = DFB74749524C4186B05EF868 /* FontAwesome.ttf */; };
		EE3FE6CE228E4756AB7AD932 /* FontAwesome5_Brands.ttf in Resources */ = {isa = PBXBuildFile; fileRef = 0C579A7EADE74A688D68767D /* FontAwesome5_Brands.ttf */; };
		73A8E832B45048398ADFDCB7 /* FontAwesome5_Regular.ttf in Resources */ = {isa = PBXBuildFile; fileRef = 09DF1A485DE643F289B91660 /* FontAwesome5_Regular.ttf */; };
		8BBF81D86DAD41CE8AB52535 /* FontAwesome5_Solid.ttf in Resources */ = {isa = PBXBuildFile; fileRef = FB99099D7E4F4860A4CFAD8C /* FontAwesome5_Solid.ttf */; };
		0F08FC65CE3D40CD86147A8C /* Fontisto.ttf in Resources */ = {isa = PBXBuildFile; fileRef = 08B3207CE52E4E5DB5E8CC51 /* Fontisto.ttf */; };
		9D9BBA9465C44B81BF073D4E /* Foundation.ttf in Resources */ = {isa = PBXBuildFile; fileRef = 7A8F551CE1704933A3CA77D6 /* Foundation.ttf */; };
		A3E1B0A8FD0E4818B67CBAB1 /* Ionicons.ttf in Resources */ = {isa = PBXBuildFile; fileRef = 05D86C49BE77421ABEB3F7A9 /* Ionicons.ttf */; };
		37520873B05A4EAB9494C854 /* MaterialCommunityIcons.ttf in Resources */ = {isa = PBXBuildFile; fileRef = F6904076C6FD469D9B78600E /* MaterialCommunityIcons.ttf */; };
		36AFA333FA0E4BF9B2767595 /* MaterialIcons.ttf in Resources */ = {isa = PBXBuildFile; fileRef = 997724E1BFDC400A9E09B6FA /* MaterialIcons.ttf */; };
		1DA458144D0E4B748B9FCE92 /* Octicons.ttf in Resources */ = {isa = PBXBuildFile; fileRef = E8191048F39F49B891A283BB /* Octicons.ttf */; };
		77113BC388224D5F8D92290B /* SimpleLineIcons.ttf in Resources */ = {isa = PBXBuildFile; fileRef = 6413EC57D5FB42CAA5502AD8 /* SimpleLineIcons.ttf */; };
		05297076830B414A9D57B69C /* Zocial.ttf in Resources */ = {isa = PBXBuildFile; fileRef = 51876328D550429A9342605B /* Zocial.ttf */; };
		4CBD3294AA6F4C51A0D29E5F /* AbrilFatface-Regular.ttf in Resources */ = {isa = PBXBuildFile; fileRef = 3BAF00CA50D4409AB1819E31 /* AbrilFatface-Regular.ttf */; };
		96B2B7723DAE4C03BE8AEEDE /* Anton-Regular.ttf in Resources */ = {isa = PBXBuildFile; fileRef = E00C26E6A11A4D5F91DAAB14 /* Anton-Regular.ttf */; };
		4D4030AE20134624BB1B578C /* Montserrat-Black.ttf in Resources */ = {isa = PBXBuildFile; fileRef = B8D887471DEC48039639D6D4 /* Montserrat-Black.ttf */; };
		169F5040813242A8A5FF3AD7 /* Montserrat-BlackItalic.ttf in Resources */ = {isa = PBXBuildFile; fileRef = 3ED6F9EF23F243E29A983610 /* Montserrat-BlackItalic.ttf */; };
		28AB20E6F9234C948FEC8208 /* Montserrat-Bold.ttf in Resources */ = {isa = PBXBuildFile; fileRef = 061D8186F6F842938E6A3CCF /* Montserrat-Bold.ttf */; };
		44BE9E71658B45D6AAE319CF /* Montserrat-BoldItalic.ttf in Resources */ = {isa = PBXBuildFile; fileRef = AAC2E6E469984A3ABA2B9F9E /* Montserrat-BoldItalic.ttf */; };
		D7F4896A1218435088A3EF7A /* Montserrat-ExtraBold.ttf in Resources */ = {isa = PBXBuildFile; fileRef = 2478D3E86B1A4B079E40D305 /* Montserrat-ExtraBold.ttf */; };
		2C207151CFD74B968A3AFB43 /* Montserrat-ExtraBoldItalic.ttf in Resources */ = {isa = PBXBuildFile; fileRef = EB30E0BEEF8641CBAA9F6130 /* Montserrat-ExtraBoldItalic.ttf */; };
		08A0E1BE75D0469189292E42 /* Montserrat-ExtraLight.ttf in Resources */ = {isa = PBXBuildFile; fileRef = 9A133D9D145D498F8858F82C /* Montserrat-ExtraLight.ttf */; };
		9D92514C82FC45AC81A62C62 /* Montserrat-ExtraLightItalic.ttf in Resources */ = {isa = PBXBuildFile; fileRef = E7A5ECE2DDC146C281181817 /* Montserrat-ExtraLightItalic.ttf */; };
		0387AC2CBF9A4566B36C7653 /* Montserrat-Light.ttf in Resources */ = {isa = PBXBuildFile; fileRef = D55850EC2F1644CDAAFDF2B7 /* Montserrat-Light.ttf */; };
		F21CC2737C53420BAB7A8EF7 /* Montserrat-LightItalic.ttf in Resources */ = {isa = PBXBuildFile; fileRef = A7A01CEAD69B41DD94796CD6 /* Montserrat-LightItalic.ttf */; };
		1A6DDBBCC7C545F1A7B7B8AB /* Montserrat-Medium.ttf in Resources */ = {isa = PBXBuildFile; fileRef = 851006E4212E4A129D4A1FBD /* Montserrat-Medium.ttf */; };
		BEDCE5A1C1034B6FB29F60E6 /* Montserrat-MediumItalic.ttf in Resources */ = {isa = PBXBuildFile; fileRef = 3F915A2C257A49ABA61C6CCB /* Montserrat-MediumItalic.ttf */; };
		E874888E41D14D43A8934517 /* Montserrat-Regular.ttf in Resources */ = {isa = PBXBuildFile; fileRef = 1C870D2E74A446FE9D814023 /* Montserrat-Regular.ttf */; };
		1F63731AE3A24E1C8C03A62B /* Montserrat-RegularItalic.ttf in Resources */ = {isa = PBXBuildFile; fileRef = 1C7B57E75C6F433DA3FC01A6 /* Montserrat-RegularItalic.ttf */; };
		B3719B85F80040B6A0A22D76 /* Montserrat-SemiBold.ttf in Resources */ = {isa = PBXBuildFile; fileRef = CF26B95FF6E5427E9791C7F4 /* Montserrat-SemiBold.ttf */; };
		1C9CBA6C76094A8D89BB7A63 /* Montserrat-SemiBoldItalic.ttf in Resources */ = {isa = PBXBuildFile; fileRef = 865FEF31711540A8897C028E /* Montserrat-SemiBoldItalic.ttf */; };
		745758E9A42E433690EFA139 /* Montserrat-Thin.ttf in Resources */ = {isa = PBXBuildFile; fileRef = 07A5A3C65F734A658D24FE11 /* Montserrat-Thin.ttf */; };
		600A99AEA7A74626873B1F2C /* Montserrat-ThinItalic.ttf in Resources */ = {isa = PBXBuildFile; fileRef = 7AB1549C20B148A5BFF0A894 /* Montserrat-ThinItalic.ttf */; };
		33542837E5C241928D4DC386 /* PlayfairDisplay-Black.ttf in Resources */ = {isa = PBXBuildFile; fileRef = 8429CDF737304CFB8F9F0CD0 /* PlayfairDisplay-Black.ttf */; };
		BD2D6E3864DB454FA8B758D3 /* PlayfairDisplay-BlackItalic.ttf in Resources */ = {isa = PBXBuildFile; fileRef = 6C2BFB7DE58544D591DA845D /* PlayfairDisplay-BlackItalic.ttf */; };
		857713BACC5D4FBBBDA14B0A /* PlayfairDisplay-Bold.ttf in Resources */ = {isa = PBXBuildFile; fileRef = 7E25EDFCBE06498D91376AD8 /* PlayfairDisplay-Bold.ttf */; };
		CA6881FCC3B1439BB2B2C245 /* PlayfairDisplay-BoldItalic.ttf in Resources */ = {isa = PBXBuildFile; fileRef = D7F08B15F0294AC092B5EA87 /* PlayfairDisplay-BoldItalic.ttf */; };
		D4F5A54484CC4B13A84762D7 /* PlayfairDisplay-Regular.ttf in Resources */ = {isa = PBXBuildFile; fileRef = 1D24DF7C2660437EB02597E5 /* PlayfairDisplay-Regular.ttf */; };
		742C4AE46BCF4E69A49595C4 /* PlayfairDisplay-RegularItalic.ttf in Resources */ = {isa = PBXBuildFile; fileRef = BE9F2C90EAC64B08861C54C1 /* PlayfairDisplay-RegularItalic.ttf */; };
		6B15AAC9D7EC474EB8410FFB /* Poppins-Black.ttf in Resources */ = {isa = PBXBuildFile; fileRef = F061C9C610504350A49BC32E /* Poppins-Black.ttf */; };
		374CC8BFF6684023AC72EA4D /* Poppins-BlackItalic.ttf in Resources */ = {isa = PBXBuildFile; fileRef = B31FFB08C94445B8BD22AC84 /* Poppins-BlackItalic.ttf */; };
		5ECBCA1428844A36BDA91D11 /* Poppins-Bold.ttf in Resources */ = {isa = PBXBuildFile; fileRef = 2BF20657AF044306896C6635 /* Poppins-Bold.ttf */; };
		E428860F077E407594D95AEC /* Poppins-BoldItalic.ttf in Resources */ = {isa = PBXBuildFile; fileRef = 3CED2D1D611745F58E1F5D7A /* Poppins-BoldItalic.ttf */; };
		4F709698B1704F2DBD34283A /* Poppins-ExtraBold.ttf in Resources */ = {isa = PBXBuildFile; fileRef = 0622DC8001F34D9DB5F6674F /* Poppins-ExtraBold.ttf */; };
		649392E3EFDE485493EB48EE /* Poppins-ExtraBoldItalic.ttf in Resources */ = {isa = PBXBuildFile; fileRef = 6001F182441B434F8314517B /* Poppins-ExtraBoldItalic.ttf */; };
		A320EB06881C4CACA59D27E7 /* Poppins-ExtraLight.ttf in Resources */ = {isa = PBXBuildFile; fileRef = 35AEA9EC30DC47CCA17765B6 /* Poppins-ExtraLight.ttf */; };
		9CB36790A534483899D345BF /* Poppins-ExtraLightItalic.ttf in Resources */ = {isa = PBXBuildFile; fileRef = 86B193D8F511441A91237EE6 /* Poppins-ExtraLightItalic.ttf */; };
		DD7BA1F78EAC4C6A883EB17E /* Poppins-Light.ttf in Resources */ = {isa = PBXBuildFile; fileRef = 474B7707CE474802B08B8977 /* Poppins-Light.ttf */; };
		222B9C2B556048968898F19B /* Poppins-LightItalic.ttf in Resources */ = {isa = PBXBuildFile; fileRef = 771F835ABD244E0E9DC56CF3 /* Poppins-LightItalic.ttf */; };
		A1BD094DC96842E9ACBCA5A1 /* Poppins-Medium.ttf in Resources */ = {isa = PBXBuildFile; fileRef = B1EE8172C8BD418CB01153A5 /* Poppins-Medium.ttf */; };
		2AA6533CDFA24B32B5B13D56 /* Poppins-MediumItalic.ttf in Resources */ = {isa = PBXBuildFile; fileRef = E7CB90401EEC450AA67AF64C /* Poppins-MediumItalic.ttf */; };
		F68D83FC975446108D89CD5A /* Poppins-Regular.ttf in Resources */ = {isa = PBXBuildFile; fileRef = 4BFB033B3258463288C7AAF8 /* Poppins-Regular.ttf */; };
		60F608A6273E441B8FEFA156 /* Poppins-RegularItalic.ttf in Resources */ = {isa = PBXBuildFile; fileRef = BBF879C2C4084EB499A43315 /* Poppins-RegularItalic.ttf */; };
		E6553E7BDA40495F81C0888A /* Poppins-SemiBold.ttf in Resources */ = {isa = PBXBuildFile; fileRef = A596BF9C87764361BC5781E3 /* Poppins-SemiBold.ttf */; };
		9BE5D52A53094E32AD950510 /* Poppins-SemiBoldItalic.ttf in Resources */ = {isa = PBXBuildFile; fileRef = 0337B3EBEC5640B3AE5B9B04 /* Poppins-SemiBoldItalic.ttf */; };
		25D2F75F34C54F63A1556F22 /* Poppins-Thin.ttf in Resources */ = {isa = PBXBuildFile; fileRef = 58443D7827A24BDAA13E7003 /* Poppins-Thin.ttf */; };
		58387E3F6FE94C7EB3B94866 /* Poppins-ThinItalic.ttf in Resources */ = {isa = PBXBuildFile; fileRef = B7260AF6A6354A9488766042 /* Poppins-ThinItalic.ttf */; };
/* End PBXBuildFile section */

/* Begin PBXContainerItemProxy section */
		00E356F41AD99517003FC87E /* PBXContainerItemProxy */ = {
			isa = PBXContainerItemProxy;
			containerPortal = 83CBB9F71A601CBA00E9B192 /* Project object */;
			proxyType = 1;
			remoteGlobalIDString = 13B07F861A680F5B00A75B9A;
			remoteInfo = WooShop;
		};
		2D02E4911E0B4A5D006451C7 /* PBXContainerItemProxy */ = {
			isa = PBXContainerItemProxy;
			containerPortal = 83CBB9F71A601CBA00E9B192 /* Project object */;
			proxyType = 1;
			remoteGlobalIDString = 2D02E47A1E0B4A5D006451C7;
			remoteInfo = "WooShop-tvOS";
		};
/* End PBXContainerItemProxy section */

/* Begin PBXFileReference section */
		008F07F21AC5B25A0029DE68 /* main.jsbundle */ = {isa = PBXFileReference; fileEncoding = 4; lastKnownFileType = text; path = main.jsbundle; sourceTree = "<group>"; };
		00E356EE1AD99517003FC87E /* WooShopTests.xctest */ = {isa = PBXFileReference; explicitFileType = wrapper.cfbundle; includeInIndex = 0; path = WooShopTests.xctest; sourceTree = BUILT_PRODUCTS_DIR; };
		00E356F11AD99517003FC87E /* Info.plist */ = {isa = PBXFileReference; lastKnownFileType = text.plist.xml; path = Info.plist; sourceTree = "<group>"; };
		00E356F21AD99517003FC87E /* WooShopTests.m */ = {isa = PBXFileReference; lastKnownFileType = sourcecode.c.objc; path = WooShopTests.m; sourceTree = "<group>"; };
		13B07F961A680F5B00A75B9A /* WooShop.app */ = {isa = PBXFileReference; explicitFileType = wrapper.application; includeInIndex = 0; path = WooShop.app; sourceTree = BUILT_PRODUCTS_DIR; };
		13B07FAF1A68108700A75B9A /* AppDelegate.h */ = {isa = PBXFileReference; fileEncoding = 4; lastKnownFileType = sourcecode.c.h; name = AppDelegate.h; path = WooShop/AppDelegate.h; sourceTree = "<group>"; };
		13B07FB01A68108700A75B9A /* AppDelegate.m */ = {isa = PBXFileReference; fileEncoding = 4; lastKnownFileType = sourcecode.c.objc; name = AppDelegate.m; path = WooShop/AppDelegate.m; sourceTree = "<group>"; };
		13B07FB21A68108700A75B9A /* Base */ = {isa = PBXFileReference; lastKnownFileType = file.xib; name = Base; path = Base.lproj/LaunchScreen.xib; sourceTree = "<group>"; };
		13B07FB51A68108700A75B9A /* Images.xcassets */ = {isa = PBXFileReference; lastKnownFileType = folder.assetcatalog; name = Images.xcassets; path = WooShop/Images.xcassets; sourceTree = "<group>"; };
		13B07FB61A68108700A75B9A /* Info.plist */ = {isa = PBXFileReference; fileEncoding = 4; lastKnownFileType = text.plist.xml; name = Info.plist; path = WooShop/Info.plist; sourceTree = "<group>"; };
		13B07FB71A68108700A75B9A /* main.m */ = {isa = PBXFileReference; fileEncoding = 4; lastKnownFileType = sourcecode.c.objc; name = main.m; path = WooShop/main.m; sourceTree = "<group>"; };
		2D02E47B1E0B4A5D006451C7 /* WooShop-tvOS.app */ = {isa = PBXFileReference; explicitFileType = wrapper.application; includeInIndex = 0; path = "WooShop-tvOS.app"; sourceTree = BUILT_PRODUCTS_DIR; };
		2D02E4901E0B4A5D006451C7 /* WooShop-tvOSTests.xctest */ = {isa = PBXFileReference; explicitFileType = wrapper.cfbundle; includeInIndex = 0; path = "WooShop-tvOSTests.xctest"; sourceTree = BUILT_PRODUCTS_DIR; };
		ED297162215061F000B7C4FE /* JavaScriptCore.framework */ = {isa = PBXFileReference; lastKnownFileType = wrapper.framework; name = JavaScriptCore.framework; path = System/Library/Frameworks/JavaScriptCore.framework; sourceTree = SDKROOT; };
		ED2971642150620600B7C4FE /* JavaScriptCore.framework */ = {isa = PBXFileReference; lastKnownFileType = wrapper.framework; name = JavaScriptCore.framework; path = Platforms/AppleTVOS.platform/Developer/SDKs/AppleTVOS12.0.sdk/System/Library/Frameworks/JavaScriptCore.framework; sourceTree = DEVELOPER_DIR; };
		81A98428C2E749E38BBB6336 /* AntDesign.ttf */ = {isa = PBXFileReference; name = "AntDesign.ttf"; path = "../node_modules/react-native-vector-icons/Fonts/AntDesign.ttf"; sourceTree = "<group>"; fileEncoding = undefined; lastKnownFileType = unknown; explicitFileType = undefined; includeInIndex = 0; };
		EA6E19D406BF41369299306C /* Entypo.ttf */ = {isa = PBXFileReference; name = "Entypo.ttf"; path = "../node_modules/react-native-vector-icons/Fonts/Entypo.ttf"; sourceTree = "<group>"; fileEncoding = undefined; lastKnownFileType = unknown; explicitFileType = undefined; includeInIndex = 0; };
		D0E99E7C9D344E8C8AF017D8 /* EvilIcons.ttf */ = {isa = PBXFileReference; name = "EvilIcons.ttf"; path = "../node_modules/react-native-vector-icons/Fonts/EvilIcons.ttf"; sourceTree = "<group>"; fileEncoding = undefined; lastKnownFileType = unknown; explicitFileType = undefined; includeInIndex = 0; };
		E80883B05C03492E998907FA /* Feather.ttf */ = {isa = PBXFileReference; name = "Feather.ttf"; path = "../node_modules/react-native-vector-icons/Fonts/Feather.ttf"; sourceTree = "<group>"; fileEncoding = undefined; lastKnownFileType = unknown; explicitFileType = undefined; includeInIndex = 0; };
		DFB74749524C4186B05EF868 /* FontAwesome.ttf */ = {isa = PBXFileReference; name = "FontAwesome.ttf"; path = "../node_modules/react-native-vector-icons/Fonts/FontAwesome.ttf"; sourceTree = "<group>"; fileEncoding = undefined; lastKnownFileType = unknown; explicitFileType = undefined; includeInIndex = 0; };
		0C579A7EADE74A688D68767D /* FontAwesome5_Brands.ttf */ = {isa = PBXFileReference; name = "FontAwesome5_Brands.ttf"; path = "../node_modules/react-native-vector-icons/Fonts/FontAwesome5_Brands.ttf"; sourceTree = "<group>"; fileEncoding = undefined; lastKnownFileType = unknown; explicitFileType = undefined; includeInIndex = 0; };
		09DF1A485DE643F289B91660 /* FontAwesome5_Regular.ttf */ = {isa = PBXFileReference; name = "FontAwesome5_Regular.ttf"; path = "../node_modules/react-native-vector-icons/Fonts/FontAwesome5_Regular.ttf"; sourceTree = "<group>"; fileEncoding = undefined; lastKnownFileType = unknown; explicitFileType = undefined; includeInIndex = 0; };
		FB99099D7E4F4860A4CFAD8C /* FontAwesome5_Solid.ttf */ = {isa = PBXFileReference; name = "FontAwesome5_Solid.ttf"; path = "../node_modules/react-native-vector-icons/Fonts/FontAwesome5_Solid.ttf"; sourceTree = "<group>"; fileEncoding = undefined; lastKnownFileType = unknown; explicitFileType = undefined; includeInIndex = 0; };
		08B3207CE52E4E5DB5E8CC51 /* Fontisto.ttf */ = {isa = PBXFileReference; name = "Fontisto.ttf"; path = "../node_modules/react-native-vector-icons/Fonts/Fontisto.ttf"; sourceTree = "<group>"; fileEncoding = undefined; lastKnownFileType = unknown; explicitFileType = undefined; includeInIndex = 0; };
		7A8F551CE1704933A3CA77D6 /* Foundation.ttf */ = {isa = PBXFileReference; name = "Foundation.ttf"; path = "../node_modules/react-native-vector-icons/Fonts/Foundation.ttf"; sourceTree = "<group>"; fileEncoding = undefined; lastKnownFileType = unknown; explicitFileType = undefined; includeInIndex = 0; };
		05D86C49BE77421ABEB3F7A9 /* Ionicons.ttf */ = {isa = PBXFileReference; name = "Ionicons.ttf"; path = "../node_modules/react-native-vector-icons/Fonts/Ionicons.ttf"; sourceTree = "<group>"; fileEncoding = undefined; lastKnownFileType = unknown; explicitFileType = undefined; includeInIndex = 0; };
		F6904076C6FD469D9B78600E /* MaterialCommunityIcons.ttf */ = {isa = PBXFileReference; name = "MaterialCommunityIcons.ttf"; path = "../node_modules/react-native-vector-icons/Fonts/MaterialCommunityIcons.ttf"; sourceTree = "<group>"; fileEncoding = undefined; lastKnownFileType = unknown; explicitFileType = undefined; includeInIndex = 0; };
		997724E1BFDC400A9E09B6FA /* MaterialIcons.ttf */ = {isa = PBXFileReference; name = "MaterialIcons.ttf"; path = "../node_modules/react-native-vector-icons/Fonts/MaterialIcons.ttf"; sourceTree = "<group>"; fileEncoding = undefined; lastKnownFileType = unknown; explicitFileType = undefined; includeInIndex = 0; };
		E8191048F39F49B891A283BB /* Octicons.ttf */ = {isa = PBXFileReference; name = "Octicons.ttf"; path = "../node_modules/react-native-vector-icons/Fonts/Octicons.ttf"; sourceTree = "<group>"; fileEncoding = undefined; lastKnownFileType = unknown; explicitFileType = undefined; includeInIndex = 0; };
		6413EC57D5FB42CAA5502AD8 /* SimpleLineIcons.ttf */ = {isa = PBXFileReference; name = "SimpleLineIcons.ttf"; path = "../node_modules/react-native-vector-icons/Fonts/SimpleLineIcons.ttf"; sourceTree = "<group>"; fileEncoding = undefined; lastKnownFileType = unknown; explicitFileType = undefined; includeInIndex = 0; };
		51876328D550429A9342605B /* Zocial.ttf */ = {isa = PBXFileReference; name = "Zocial.ttf"; path = "../node_modules/react-native-vector-icons/Fonts/Zocial.ttf"; sourceTree = "<group>"; fileEncoding = undefined; lastKnownFileType = unknown; explicitFileType = undefined; includeInIndex = 0; };
		3BAF00CA50D4409AB1819E31 /* AbrilFatface-Regular.ttf */ = {isa = PBXFileReference; name = "AbrilFatface-Regular.ttf"; path = "../assets/fonts/Abril_Fatface/AbrilFatface-Regular.ttf"; sourceTree = "<group>"; fileEncoding = undefined; lastKnownFileType = unknown; explicitFileType = undefined; includeInIndex = 0; };
		E00C26E6A11A4D5F91DAAB14 /* Anton-Regular.ttf */ = {isa = PBXFileReference; name = "Anton-Regular.ttf"; path = "../assets/fonts/Anton/Anton-Regular.ttf"; sourceTree = "<group>"; fileEncoding = undefined; lastKnownFileType = unknown; explicitFileType = undefined; includeInIndex = 0; };
		B8D887471DEC48039639D6D4 /* Montserrat-Black.ttf */ = {isa = PBXFileReference; name = "Montserrat-Black.ttf"; path = "../assets/fonts/Montserrat/Montserrat-Black.ttf"; sourceTree = "<group>"; fileEncoding = undefined; lastKnownFileType = unknown; explicitFileType = undefined; includeInIndex = 0; };
		3ED6F9EF23F243E29A983610 /* Montserrat-BlackItalic.ttf */ = {isa = PBXFileReference; name = "Montserrat-BlackItalic.ttf"; path = "../assets/fonts/Montserrat/Montserrat-BlackItalic.ttf"; sourceTree = "<group>"; fileEncoding = undefined; lastKnownFileType = unknown; explicitFileType = undefined; includeInIndex = 0; };
		061D8186F6F842938E6A3CCF /* Montserrat-Bold.ttf */ = {isa = PBXFileReference; name = "Montserrat-Bold.ttf"; path = "../assets/fonts/Montserrat/Montserrat-Bold.ttf"; sourceTree = "<group>"; fileEncoding = undefined; lastKnownFileType = unknown; explicitFileType = undefined; includeInIndex = 0; };
		AAC2E6E469984A3ABA2B9F9E /* Montserrat-BoldItalic.ttf */ = {isa = PBXFileReference; name = "Montserrat-BoldItalic.ttf"; path = "../assets/fonts/Montserrat/Montserrat-BoldItalic.ttf"; sourceTree = "<group>"; fileEncoding = undefined; lastKnownFileType = unknown; explicitFileType = undefined; includeInIndex = 0; };
		2478D3E86B1A4B079E40D305 /* Montserrat-ExtraBold.ttf */ = {isa = PBXFileReference; name = "Montserrat-ExtraBold.ttf"; path = "../assets/fonts/Montserrat/Montserrat-ExtraBold.ttf"; sourceTree = "<group>"; fileEncoding = undefined; lastKnownFileType = unknown; explicitFileType = undefined; includeInIndex = 0; };
		EB30E0BEEF8641CBAA9F6130 /* Montserrat-ExtraBoldItalic.ttf */ = {isa = PBXFileReference; name = "Montserrat-ExtraBoldItalic.ttf"; path = "../assets/fonts/Montserrat/Montserrat-ExtraBoldItalic.ttf"; sourceTree = "<group>"; fileEncoding = undefined; lastKnownFileType = unknown; explicitFileType = undefined; includeInIndex = 0; };
		9A133D9D145D498F8858F82C /* Montserrat-ExtraLight.ttf */ = {isa = PBXFileReference; name = "Montserrat-ExtraLight.ttf"; path = "../assets/fonts/Montserrat/Montserrat-ExtraLight.ttf"; sourceTree = "<group>"; fileEncoding = undefined; lastKnownFileType = unknown; explicitFileType = undefined; includeInIndex = 0; };
		E7A5ECE2DDC146C281181817 /* Montserrat-ExtraLightItalic.ttf */ = {isa = PBXFileReference; name = "Montserrat-ExtraLightItalic.ttf"; path = "../assets/fonts/Montserrat/Montserrat-ExtraLightItalic.ttf"; sourceTree = "<group>"; fileEncoding = undefined; lastKnownFileType = unknown; explicitFileType = undefined; includeInIndex = 0; };
		D55850EC2F1644CDAAFDF2B7 /* Montserrat-Light.ttf */ = {isa = PBXFileReference; name = "Montserrat-Light.ttf"; path = "../assets/fonts/Montserrat/Montserrat-Light.ttf"; sourceTree = "<group>"; fileEncoding = undefined; lastKnownFileType = unknown; explicitFileType = undefined; includeInIndex = 0; };
		A7A01CEAD69B41DD94796CD6 /* Montserrat-LightItalic.ttf */ = {isa = PBXFileReference; name = "Montserrat-LightItalic.ttf"; path = "../assets/fonts/Montserrat/Montserrat-LightItalic.ttf"; sourceTree = "<group>"; fileEncoding = undefined; lastKnownFileType = unknown; explicitFileType = undefined; includeInIndex = 0; };
		851006E4212E4A129D4A1FBD /* Montserrat-Medium.ttf */ = {isa = PBXFileReference; name = "Montserrat-Medium.ttf"; path = "../assets/fonts/Montserrat/Montserrat-Medium.ttf"; sourceTree = "<group>"; fileEncoding = undefined; lastKnownFileType = unknown; explicitFileType = undefined; includeInIndex = 0; };
		3F915A2C257A49ABA61C6CCB /* Montserrat-MediumItalic.ttf */ = {isa = PBXFileReference; name = "Montserrat-MediumItalic.ttf"; path = "../assets/fonts/Montserrat/Montserrat-MediumItalic.ttf"; sourceTree = "<group>"; fileEncoding = undefined; lastKnownFileType = unknown; explicitFileType = undefined; includeInIndex = 0; };
		1C870D2E74A446FE9D814023 /* Montserrat-Regular.ttf */ = {isa = PBXFileReference; name = "Montserrat-Regular.ttf"; path = "../assets/fonts/Montserrat/Montserrat-Regular.ttf"; sourceTree = "<group>"; fileEncoding = undefined; lastKnownFileType = unknown; explicitFileType = undefined; includeInIndex = 0; };
		1C7B57E75C6F433DA3FC01A6 /* Montserrat-RegularItalic.ttf */ = {isa = PBXFileReference; name = "Montserrat-RegularItalic.ttf"; path = "../assets/fonts/Montserrat/Montserrat-RegularItalic.ttf"; sourceTree = "<group>"; fileEncoding = undefined; lastKnownFileType = unknown; explicitFileType = undefined; includeInIndex = 0; };
		CF26B95FF6E5427E9791C7F4 /* Montserrat-SemiBold.ttf */ = {isa = PBXFileReference; name = "Montserrat-SemiBold.ttf"; path = "../assets/fonts/Montserrat/Montserrat-SemiBold.ttf"; sourceTree = "<group>"; fileEncoding = undefined; lastKnownFileType = unknown; explicitFileType = undefined; includeInIndex = 0; };
		865FEF31711540A8897C028E /* Montserrat-SemiBoldItalic.ttf */ = {isa = PBXFileReference; name = "Montserrat-SemiBoldItalic.ttf"; path = "../assets/fonts/Montserrat/Montserrat-SemiBoldItalic.ttf"; sourceTree = "<group>"; fileEncoding = undefined; lastKnownFileType = unknown; explicitFileType = undefined; includeInIndex = 0; };
		07A5A3C65F734A658D24FE11 /* Montserrat-Thin.ttf */ = {isa = PBXFileReference; name = "Montserrat-Thin.ttf"; path = "../assets/fonts/Montserrat/Montserrat-Thin.ttf"; sourceTree = "<group>"; fileEncoding = undefined; lastKnownFileType = unknown; explicitFileType = undefined; includeInIndex = 0; };
		7AB1549C20B148A5BFF0A894 /* Montserrat-ThinItalic.ttf */ = {isa = PBXFileReference; name = "Montserrat-ThinItalic.ttf"; path = "../assets/fonts/Montserrat/Montserrat-ThinItalic.ttf"; sourceTree = "<group>"; fileEncoding = undefined; lastKnownFileType = unknown; explicitFileType = undefined; includeInIndex = 0; };
		8429CDF737304CFB8F9F0CD0 /* PlayfairDisplay-Black.ttf */ = {isa = PBXFileReference; name = "PlayfairDisplay-Black.ttf"; path = "../assets/fonts/Playfair_Display/PlayfairDisplay-Black.ttf"; sourceTree = "<group>"; fileEncoding = undefined; lastKnownFileType = unknown; explicitFileType = undefined; includeInIndex = 0; };
		6C2BFB7DE58544D591DA845D /* PlayfairDisplay-BlackItalic.ttf */ = {isa = PBXFileReference; name = "PlayfairDisplay-BlackItalic.ttf"; path = "../assets/fonts/Playfair_Display/PlayfairDisplay-BlackItalic.ttf"; sourceTree = "<group>"; fileEncoding = undefined; lastKnownFileType = unknown; explicitFileType = undefined; includeInIndex = 0; };
		7E25EDFCBE06498D91376AD8 /* PlayfairDisplay-Bold.ttf */ = {isa = PBXFileReference; name = "PlayfairDisplay-Bold.ttf"; path = "../assets/fonts/Playfair_Display/PlayfairDisplay-Bold.ttf"; sourceTree = "<group>"; fileEncoding = undefined; lastKnownFileType = unknown; explicitFileType = undefined; includeInIndex = 0; };
		D7F08B15F0294AC092B5EA87 /* PlayfairDisplay-BoldItalic.ttf */ = {isa = PBXFileReference; name = "PlayfairDisplay-BoldItalic.ttf"; path = "../assets/fonts/Playfair_Display/PlayfairDisplay-BoldItalic.ttf"; sourceTree = "<group>"; fileEncoding = undefined; lastKnownFileType = unknown; explicitFileType = undefined; includeInIndex = 0; };
		1D24DF7C2660437EB02597E5 /* PlayfairDisplay-Regular.ttf */ = {isa = PBXFileReference; name = "PlayfairDisplay-Regular.ttf"; path = "../assets/fonts/Playfair_Display/PlayfairDisplay-Regular.ttf"; sourceTree = "<group>"; fileEncoding = undefined; lastKnownFileType = unknown; explicitFileType = undefined; includeInIndex = 0; };
		BE9F2C90EAC64B08861C54C1 /* PlayfairDisplay-RegularItalic.ttf */ = {isa = PBXFileReference; name = "PlayfairDisplay-RegularItalic.ttf"; path = "../assets/fonts/Playfair_Display/PlayfairDisplay-RegularItalic.ttf"; sourceTree = "<group>"; fileEncoding = undefined; lastKnownFileType = unknown; explicitFileType = undefined; includeInIndex = 0; };
		F061C9C610504350A49BC32E /* Poppins-Black.ttf */ = {isa = PBXFileReference; name = "Poppins-Black.ttf"; path = "../assets/fonts/Poppins/Poppins-Black.ttf"; sourceTree = "<group>"; fileEncoding = undefined; lastKnownFileType = unknown; explicitFileType = undefined; includeInIndex = 0; };
		B31FFB08C94445B8BD22AC84 /* Poppins-BlackItalic.ttf */ = {isa = PBXFileReference; name = "Poppins-BlackItalic.ttf"; path = "../assets/fonts/Poppins/Poppins-BlackItalic.ttf"; sourceTree = "<group>"; fileEncoding = undefined; lastKnownFileType = unknown; explicitFileType = undefined; includeInIndex = 0; };
		2BF20657AF044306896C6635 /* Poppins-Bold.ttf */ = {isa = PBXFileReference; name = "Poppins-Bold.ttf"; path = "../assets/fonts/Poppins/Poppins-Bold.ttf"; sourceTree = "<group>"; fileEncoding = undefined; lastKnownFileType = unknown; explicitFileType = undefined; includeInIndex = 0; };
		3CED2D1D611745F58E1F5D7A /* Poppins-BoldItalic.ttf */ = {isa = PBXFileReference; name = "Poppins-BoldItalic.ttf"; path = "../assets/fonts/Poppins/Poppins-BoldItalic.ttf"; sourceTree = "<group>"; fileEncoding = undefined; lastKnownFileType = unknown; explicitFileType = undefined; includeInIndex = 0; };
		0622DC8001F34D9DB5F6674F /* Poppins-ExtraBold.ttf */ = {isa = PBXFileReference; name = "Poppins-ExtraBold.ttf"; path = "../assets/fonts/Poppins/Poppins-ExtraBold.ttf"; sourceTree = "<group>"; fileEncoding = undefined; lastKnownFileType = unknown; explicitFileType = undefined; includeInIndex = 0; };
		6001F182441B434F8314517B /* Poppins-ExtraBoldItalic.ttf */ = {isa = PBXFileReference; name = "Poppins-ExtraBoldItalic.ttf"; path = "../assets/fonts/Poppins/Poppins-ExtraBoldItalic.ttf"; sourceTree = "<group>"; fileEncoding = undefined; lastKnownFileType = unknown; explicitFileType = undefined; includeInIndex = 0; };
		35AEA9EC30DC47CCA17765B6 /* Poppins-ExtraLight.ttf */ = {isa = PBXFileReference; name = "Poppins-ExtraLight.ttf"; path = "../assets/fonts/Poppins/Poppins-ExtraLight.ttf"; sourceTree = "<group>"; fileEncoding = undefined; lastKnownFileType = unknown; explicitFileType = undefined; includeInIndex = 0; };
		86B193D8F511441A91237EE6 /* Poppins-ExtraLightItalic.ttf */ = {isa = PBXFileReference; name = "Poppins-ExtraLightItalic.ttf"; path = "../assets/fonts/Poppins/Poppins-ExtraLightItalic.ttf"; sourceTree = "<group>"; fileEncoding = undefined; lastKnownFileType = unknown; explicitFileType = undefined; includeInIndex = 0; };
		474B7707CE474802B08B8977 /* Poppins-Light.ttf */ = {isa = PBXFileReference; name = "Poppins-Light.ttf"; path = "../assets/fonts/Poppins/Poppins-Light.ttf"; sourceTree = "<group>"; fileEncoding = undefined; lastKnownFileType = unknown; explicitFileType = undefined; includeInIndex = 0; };
		771F835ABD244E0E9DC56CF3 /* Poppins-LightItalic.ttf */ = {isa = PBXFileReference; name = "Poppins-LightItalic.ttf"; path = "../assets/fonts/Poppins/Poppins-LightItalic.ttf"; sourceTree = "<group>"; fileEncoding = undefined; lastKnownFileType = unknown; explicitFileType = undefined; includeInIndex = 0; };
		B1EE8172C8BD418CB01153A5 /* Poppins-Medium.ttf */ = {isa = PBXFileReference; name = "Poppins-Medium.ttf"; path = "../assets/fonts/Poppins/Poppins-Medium.ttf"; sourceTree = "<group>"; fileEncoding = undefined; lastKnownFileType = unknown; explicitFileType = undefined; includeInIndex = 0; };
		E7CB90401EEC450AA67AF64C /* Poppins-MediumItalic.ttf */ = {isa = PBXFileReference; name = "Poppins-MediumItalic.ttf"; path = "../assets/fonts/Poppins/Poppins-MediumItalic.ttf"; sourceTree = "<group>"; fileEncoding = undefined; lastKnownFileType = unknown; explicitFileType = undefined; includeInIndex = 0; };
		4BFB033B3258463288C7AAF8 /* Poppins-Regular.ttf */ = {isa = PBXFileReference; name = "Poppins-Regular.ttf"; path = "../assets/fonts/Poppins/Poppins-Regular.ttf"; sourceTree = "<group>"; fileEncoding = undefined; lastKnownFileType = unknown; explicitFileType = undefined; includeInIndex = 0; };
		BBF879C2C4084EB499A43315 /* Poppins-RegularItalic.ttf */ = {isa = PBXFileReference; name = "Poppins-RegularItalic.ttf"; path = "../assets/fonts/Poppins/Poppins-RegularItalic.ttf"; sourceTree = "<group>"; fileEncoding = undefined; lastKnownFileType = unknown; explicitFileType = undefined; includeInIndex = 0; };
		A596BF9C87764361BC5781E3 /* Poppins-SemiBold.ttf */ = {isa = PBXFileReference; name = "Poppins-SemiBold.ttf"; path = "../assets/fonts/Poppins/Poppins-SemiBold.ttf"; sourceTree = "<group>"; fileEncoding = undefined; lastKnownFileType = unknown; explicitFileType = undefined; includeInIndex = 0; };
		0337B3EBEC5640B3AE5B9B04 /* Poppins-SemiBoldItalic.ttf */ = {isa = PBXFileReference; name = "Poppins-SemiBoldItalic.ttf"; path = "../assets/fonts/Poppins/Poppins-SemiBoldItalic.ttf"; sourceTree = "<group>"; fileEncoding = undefined; lastKnownFileType = unknown; explicitFileType = undefined; includeInIndex = 0; };
		58443D7827A24BDAA13E7003 /* Poppins-Thin.ttf */ = {isa = PBXFileReference; name = "Poppins-Thin.ttf"; path = "../assets/fonts/Poppins/Poppins-Thin.ttf"; sourceTree = "<group>"; fileEncoding = undefined; lastKnownFileType = unknown; explicitFileType = undefined; includeInIndex = 0; };
		B7260AF6A6354A9488766042 /* Poppins-ThinItalic.ttf */ = {isa = PBXFileReference; name = "Poppins-ThinItalic.ttf"; path = "../assets/fonts/Poppins/Poppins-ThinItalic.ttf"; sourceTree = "<group>"; fileEncoding = undefined; lastKnownFileType = unknown; explicitFileType = undefined; includeInIndex = 0; };
/* End PBXFileReference section */

/* Begin PBXFrameworksBuildPhase section */
		00E356EB1AD99517003FC87E /* Frameworks */ = {
			isa = PBXFrameworksBuildPhase;
			buildActionMask = 2147483647;
			files = (
			);
			runOnlyForDeploymentPostprocessing = 0;
		};
		13B07F8C1A680F5B00A75B9A /* Frameworks */ = {
			isa = PBXFrameworksBuildPhase;
			buildActionMask = 2147483647;
			files = (
			);
			runOnlyForDeploymentPostprocessing = 0;
		};
		2D02E4781E0B4A5D006451C7 /* Frameworks */ = {
			isa = PBXFrameworksBuildPhase;
			buildActionMask = 2147483647;
			files = (
			);
			runOnlyForDeploymentPostprocessing = 0;
		};
		2D02E48D1E0B4A5D006451C7 /* Frameworks */ = {
			isa = PBXFrameworksBuildPhase;
			buildActionMask = 2147483647;
			files = (
			);
			runOnlyForDeploymentPostprocessing = 0;
		};
/* End PBXFrameworksBuildPhase section */

/* Begin PBXGroup section */
		00E356EF1AD99517003FC87E /* WooShopTests */ = {
			isa = PBXGroup;
			children = (
				00E356F21AD99517003FC87E /* WooShopTests.m */,
				00E356F01AD99517003FC87E /* Supporting Files */,
			);
			path = WooShopTests;
			sourceTree = "<group>";
		};
		00E356F01AD99517003FC87E /* Supporting Files */ = {
			isa = PBXGroup;
			children = (
				00E356F11AD99517003FC87E /* Info.plist */,
			);
			name = "Supporting Files";
			sourceTree = "<group>";
		};
		13B07FAE1A68108700A75B9A /* WooShop */ = {
			isa = PBXGroup;
			children = (
				008F07F21AC5B25A0029DE68 /* main.jsbundle */,
				13B07FAF1A68108700A75B9A /* AppDelegate.h */,
				13B07FB01A68108700A75B9A /* AppDelegate.m */,
				13B07FB51A68108700A75B9A /* Images.xcassets */,
				13B07FB61A68108700A75B9A /* Info.plist */,
				13B07FB11A68108700A75B9A /* LaunchScreen.xib */,
				13B07FB71A68108700A75B9A /* main.m */,
			);
			name = WooShop;
			sourceTree = "<group>";
		};
		2D16E6871FA4F8E400B85C8A /* Frameworks */ = {
			isa = PBXGroup;
			children = (
				ED297162215061F000B7C4FE /* JavaScriptCore.framework */,
				ED2971642150620600B7C4FE /* JavaScriptCore.framework */,
			);
			name = Frameworks;
			sourceTree = "<group>";
		};
		832341AE1AAA6A7D00B99B32 /* Libraries */ = {
			isa = PBXGroup;
			children = (
			);
			name = Libraries;
			sourceTree = "<group>";
		};
		83CBB9F61A601CBA00E9B192 = {
			isa = PBXGroup;
			children = (
				13B07FAE1A68108700A75B9A /* WooShop */,
				832341AE1AAA6A7D00B99B32 /* Libraries */,
				00E356EF1AD99517003FC87E /* WooShopTests */,
				83CBBA001A601CBA00E9B192 /* Products */,
				2D16E6871FA4F8E400B85C8A /* Frameworks */,
				98A79CDED37F4D89AEF51550 /* Resources */,
			);
			indentWidth = 2;
			sourceTree = "<group>";
			tabWidth = 2;
			usesTabs = 0;
		};
		83CBBA001A601CBA00E9B192 /* Products */ = {
			isa = PBXGroup;
			children = (
				13B07F961A680F5B00A75B9A /* WooShop.app */,
				00E356EE1AD99517003FC87E /* WooShopTests.xctest */,
				2D02E47B1E0B4A5D006451C7 /* WooShop-tvOS.app */,
				2D02E4901E0B4A5D006451C7 /* WooShop-tvOSTests.xctest */,
			);
			name = Products;
			sourceTree = "<group>";
		};
		98A79CDED37F4D89AEF51550 /* Resources */ = {
			isa = "PBXGroup";
			children = (
				81A98428C2E749E38BBB6336 /* AntDesign.ttf */,
				EA6E19D406BF41369299306C /* Entypo.ttf */,
				D0E99E7C9D344E8C8AF017D8 /* EvilIcons.ttf */,
				E80883B05C03492E998907FA /* Feather.ttf */,
				DFB74749524C4186B05EF868 /* FontAwesome.ttf */,
				0C579A7EADE74A688D68767D /* FontAwesome5_Brands.ttf */,
				09DF1A485DE643F289B91660 /* FontAwesome5_Regular.ttf */,
				FB99099D7E4F4860A4CFAD8C /* FontAwesome5_Solid.ttf */,
				08B3207CE52E4E5DB5E8CC51 /* Fontisto.ttf */,
				7A8F551CE1704933A3CA77D6 /* Foundation.ttf */,
				05D86C49BE77421ABEB3F7A9 /* Ionicons.ttf */,
				F6904076C6FD469D9B78600E /* MaterialCommunityIcons.ttf */,
				997724E1BFDC400A9E09B6FA /* MaterialIcons.ttf */,
				E8191048F39F49B891A283BB /* Octicons.ttf */,
				6413EC57D5FB42CAA5502AD8 /* SimpleLineIcons.ttf */,
				51876328D550429A9342605B /* Zocial.ttf */,
				3BAF00CA50D4409AB1819E31 /* AbrilFatface-Regular.ttf */,
				E00C26E6A11A4D5F91DAAB14 /* Anton-Regular.ttf */,
				B8D887471DEC48039639D6D4 /* Montserrat-Black.ttf */,
				3ED6F9EF23F243E29A983610 /* Montserrat-BlackItalic.ttf */,
				061D8186F6F842938E6A3CCF /* Montserrat-Bold.ttf */,
				AAC2E6E469984A3ABA2B9F9E /* Montserrat-BoldItalic.ttf */,
				2478D3E86B1A4B079E40D305 /* Montserrat-ExtraBold.ttf */,
				EB30E0BEEF8641CBAA9F6130 /* Montserrat-ExtraBoldItalic.ttf */,
				9A133D9D145D498F8858F82C /* Montserrat-ExtraLight.ttf */,
				E7A5ECE2DDC146C281181817 /* Montserrat-ExtraLightItalic.ttf */,
				D55850EC2F1644CDAAFDF2B7 /* Montserrat-Light.ttf */,
				A7A01CEAD69B41DD94796CD6 /* Montserrat-LightItalic.ttf */,
				851006E4212E4A129D4A1FBD /* Montserrat-Medium.ttf */,
				3F915A2C257A49ABA61C6CCB /* Montserrat-MediumItalic.ttf */,
				1C870D2E74A446FE9D814023 /* Montserrat-Regular.ttf */,
				1C7B57E75C6F433DA3FC01A6 /* Montserrat-RegularItalic.ttf */,
				CF26B95FF6E5427E9791C7F4 /* Montserrat-SemiBold.ttf */,
				865FEF31711540A8897C028E /* Montserrat-SemiBoldItalic.ttf */,
				07A5A3C65F734A658D24FE11 /* Montserrat-Thin.ttf */,
				7AB1549C20B148A5BFF0A894 /* Montserrat-ThinItalic.ttf */,
				8429CDF737304CFB8F9F0CD0 /* PlayfairDisplay-Black.ttf */,
				6C2BFB7DE58544D591DA845D /* PlayfairDisplay-BlackItalic.ttf */,
				7E25EDFCBE06498D91376AD8 /* PlayfairDisplay-Bold.ttf */,
				D7F08B15F0294AC092B5EA87 /* PlayfairDisplay-BoldItalic.ttf */,
				1D24DF7C2660437EB02597E5 /* PlayfairDisplay-Regular.ttf */,
				BE9F2C90EAC64B08861C54C1 /* PlayfairDisplay-RegularItalic.ttf */,
				F061C9C610504350A49BC32E /* Poppins-Black.ttf */,
				B31FFB08C94445B8BD22AC84 /* Poppins-BlackItalic.ttf */,
				2BF20657AF044306896C6635 /* Poppins-Bold.ttf */,
				3CED2D1D611745F58E1F5D7A /* Poppins-BoldItalic.ttf */,
				0622DC8001F34D9DB5F6674F /* Poppins-ExtraBold.ttf */,
				6001F182441B434F8314517B /* Poppins-ExtraBoldItalic.ttf */,
				35AEA9EC30DC47CCA17765B6 /* Poppins-ExtraLight.ttf */,
				86B193D8F511441A91237EE6 /* Poppins-ExtraLightItalic.ttf */,
				474B7707CE474802B08B8977 /* Poppins-Light.ttf */,
				771F835ABD244E0E9DC56CF3 /* Poppins-LightItalic.ttf */,
				B1EE8172C8BD418CB01153A5 /* Poppins-Medium.ttf */,
				E7CB90401EEC450AA67AF64C /* Poppins-MediumItalic.ttf */,
				4BFB033B3258463288C7AAF8 /* Poppins-Regular.ttf */,
				BBF879C2C4084EB499A43315 /* Poppins-RegularItalic.ttf */,
				A596BF9C87764361BC5781E3 /* Poppins-SemiBold.ttf */,
				0337B3EBEC5640B3AE5B9B04 /* Poppins-SemiBoldItalic.ttf */,
				58443D7827A24BDAA13E7003 /* Poppins-Thin.ttf */,
				B7260AF6A6354A9488766042 /* Poppins-ThinItalic.ttf */,
			);
			name = Resources;
			sourceTree = "<group>";
			path = "";
		};
/* End PBXGroup section */

/* Begin PBXNativeTarget section */
		00E356ED1AD99517003FC87E /* WooShopTests */ = {
			isa = PBXNativeTarget;
			buildConfigurationList = 00E357021AD99517003FC87E /* Build configuration list for PBXNativeTarget "WooShopTests" */;
			buildPhases = (
				00E356EA1AD99517003FC87E /* Sources */,
				00E356EB1AD99517003FC87E /* Frameworks */,
				00E356EC1AD99517003FC87E /* Resources */,
			);
			buildRules = (
			);
			dependencies = (
				00E356F51AD99517003FC87E /* PBXTargetDependency */,
			);
			name = WooShopTests;
			productName = WooShopTests;
			productReference = 00E356EE1AD99517003FC87E /* WooShopTests.xctest */;
			productType = "com.apple.product-type.bundle.unit-test";
		};
		13B07F861A680F5B00A75B9A /* WooShop */ = {
			isa = PBXNativeTarget;
			buildConfigurationList = 13B07F931A680F5B00A75B9A /* Build configuration list for PBXNativeTarget "WooShop" */;
			buildPhases = (
				FD10A7F022414F080027D42C /* Start Packager */,
				13B07F871A680F5B00A75B9A /* Sources */,
				13B07F8C1A680F5B00A75B9A /* Frameworks */,
				13B07F8E1A680F5B00A75B9A /* Resources */,
				00DD1BFF1BD5951E006B06BC /* Bundle React Native code and images */,
			);
			buildRules = (
			);
			dependencies = (
			);
			name = WooShop;
			productName = "WooShop";
			productReference = 13B07F961A680F5B00A75B9A /* WooShop.app */;
			productType = "com.apple.product-type.application";
		};
		2D02E47A1E0B4A5D006451C7 /* WooShop-tvOS */ = {
			isa = PBXNativeTarget;
			buildConfigurationList = 2D02E4BA1E0B4A5E006451C7 /* Build configuration list for PBXNativeTarget "WooShop-tvOS" */;
			buildPhases = (
				FD10A7F122414F3F0027D42C /* Start Packager */,
				2D02E4771E0B4A5D006451C7 /* Sources */,
				2D02E4781E0B4A5D006451C7 /* Frameworks */,
				2D02E4791E0B4A5D006451C7 /* Resources */,
				2D02E4CB1E0B4B27006451C7 /* Bundle React Native Code And Images */,
			);
			buildRules = (
			);
			dependencies = (
			);
			name = "WooShop-tvOS";
			productName = "WooShop-tvOS";
			productReference = 2D02E47B1E0B4A5D006451C7 /* WooShop-tvOS.app */;
			productType = "com.apple.product-type.application";
		};
		2D02E48F1E0B4A5D006451C7 /* WooShop-tvOSTests */ = {
			isa = PBXNativeTarget;
			buildConfigurationList = 2D02E4BB1E0B4A5E006451C7 /* Build configuration list for PBXNativeTarget "WooShop-tvOSTests" */;
			buildPhases = (
				2D02E48C1E0B4A5D006451C7 /* Sources */,
				2D02E48D1E0B4A5D006451C7 /* Frameworks */,
				2D02E48E1E0B4A5D006451C7 /* Resources */,
			);
			buildRules = (
			);
			dependencies = (
				2D02E4921E0B4A5D006451C7 /* PBXTargetDependency */,
			);
			name = "WooShop-tvOSTests";
			productName = "WooShop-tvOSTests";
			productReference = 2D02E4901E0B4A5D006451C7 /* WooShop-tvOSTests.xctest */;
			productType = "com.apple.product-type.bundle.unit-test";
		};
/* End PBXNativeTarget section */

/* Begin PBXProject section */
		83CBB9F71A601CBA00E9B192 /* Project object */ = {
			isa = PBXProject;
			attributes = {
				LastUpgradeCheck = 940;
				ORGANIZATIONNAME = Facebook;
				TargetAttributes = {
					00E356ED1AD99517003FC87E = {
						CreatedOnToolsVersion = 6.2;
						TestTargetID = 13B07F861A680F5B00A75B9A;
					};
					2D02E47A1E0B4A5D006451C7 = {
						CreatedOnToolsVersion = 8.2.1;
						ProvisioningStyle = Automatic;
					};
					2D02E48F1E0B4A5D006451C7 = {
						CreatedOnToolsVersion = 8.2.1;
						ProvisioningStyle = Automatic;
						TestTargetID = 2D02E47A1E0B4A5D006451C7;
					};
				};
			};
			buildConfigurationList = 83CBB9FA1A601CBA00E9B192 /* Build configuration list for PBXProject "WooShop" */;
			compatibilityVersion = "Xcode 3.2";
			developmentRegion = English;
			hasScannedForEncodings = 0;
			knownRegions = (
				en,
				Base,
			);
			mainGroup = 83CBB9F61A601CBA00E9B192;
			productRefGroup = 83CBBA001A601CBA00E9B192 /* Products */;
			projectDirPath = "";
			projectRoot = "";
			targets = (
				13B07F861A680F5B00A75B9A /* WooShop */,
				00E356ED1AD99517003FC87E /* WooShopTests */,
				2D02E47A1E0B4A5D006451C7 /* WooShop-tvOS */,
				2D02E48F1E0B4A5D006451C7 /* WooShop-tvOSTests */,
			);
		};
/* End PBXProject section */

/* Begin PBXResourcesBuildPhase section */
		00E356EC1AD99517003FC87E /* Resources */ = {
			isa = PBXResourcesBuildPhase;
			buildActionMask = 2147483647;
			files = (
			);
			runOnlyForDeploymentPostprocessing = 0;
		};
		13B07F8E1A680F5B00A75B9A /* Resources */ = {
			isa = PBXResourcesBuildPhase;
			buildActionMask = 2147483647;
			files = (
				13B07FBF1A68108700A75B9A /* Images.xcassets in Resources */,
				13B07FBD1A68108700A75B9A /* LaunchScreen.xib in Resources */,
				36BBA71D0829448DAF1ABB0A /* AntDesign.ttf in Resources */,
				8BEB6426360A4FC28C8B9A67 /* Entypo.ttf in Resources */,
				6ED120688CCC4E819C8F76A4 /* EvilIcons.ttf in Resources */,
				7F2E28FA0C5F4D9C955054A2 /* Feather.ttf in Resources */,
				9F7A58FD611E4746B491AD68 /* FontAwesome.ttf in Resources */,
				EE3FE6CE228E4756AB7AD932 /* FontAwesome5_Brands.ttf in Resources */,
				73A8E832B45048398ADFDCB7 /* FontAwesome5_Regular.ttf in Resources */,
				8BBF81D86DAD41CE8AB52535 /* FontAwesome5_Solid.ttf in Resources */,
				0F08FC65CE3D40CD86147A8C /* Fontisto.ttf in Resources */,
				9D9BBA9465C44B81BF073D4E /* Foundation.ttf in Resources */,
				A3E1B0A8FD0E4818B67CBAB1 /* Ionicons.ttf in Resources */,
				37520873B05A4EAB9494C854 /* MaterialCommunityIcons.ttf in Resources */,
				36AFA333FA0E4BF9B2767595 /* MaterialIcons.ttf in Resources */,
				1DA458144D0E4B748B9FCE92 /* Octicons.ttf in Resources */,
				77113BC388224D5F8D92290B /* SimpleLineIcons.ttf in Resources */,
				05297076830B414A9D57B69C /* Zocial.ttf in Resources */,
				4CBD3294AA6F4C51A0D29E5F /* AbrilFatface-Regular.ttf in Resources */,
				96B2B7723DAE4C03BE8AEEDE /* Anton-Regular.ttf in Resources */,
				4D4030AE20134624BB1B578C /* Montserrat-Black.ttf in Resources */,
				169F5040813242A8A5FF3AD7 /* Montserrat-BlackItalic.ttf in Resources */,
				28AB20E6F9234C948FEC8208 /* Montserrat-Bold.ttf in Resources */,
				44BE9E71658B45D6AAE319CF /* Montserrat-BoldItalic.ttf in Resources */,
				D7F4896A1218435088A3EF7A /* Montserrat-ExtraBold.ttf in Resources */,
				2C207151CFD74B968A3AFB43 /* Montserrat-ExtraBoldItalic.ttf in Resources */,
				08A0E1BE75D0469189292E42 /* Montserrat-ExtraLight.ttf in Resources */,
				9D92514C82FC45AC81A62C62 /* Montserrat-ExtraLightItalic.ttf in Resources */,
				0387AC2CBF9A4566B36C7653 /* Montserrat-Light.ttf in Resources */,
				F21CC2737C53420BAB7A8EF7 /* Montserrat-LightItalic.ttf in Resources */,
				1A6DDBBCC7C545F1A7B7B8AB /* Montserrat-Medium.ttf in Resources */,
				BEDCE5A1C1034B6FB29F60E6 /* Montserrat-MediumItalic.ttf in Resources */,
				E874888E41D14D43A8934517 /* Montserrat-Regular.ttf in Resources */,
				1F63731AE3A24E1C8C03A62B /* Montserrat-RegularItalic.ttf in Resources */,
				B3719B85F80040B6A0A22D76 /* Montserrat-SemiBold.ttf in Resources */,
				1C9CBA6C76094A8D89BB7A63 /* Montserrat-SemiBoldItalic.ttf in Resources */,
				745758E9A42E433690EFA139 /* Montserrat-Thin.ttf in Resources */,
				600A99AEA7A74626873B1F2C /* Montserrat-ThinItalic.ttf in Resources */,
				33542837E5C241928D4DC386 /* PlayfairDisplay-Black.ttf in Resources */,
				BD2D6E3864DB454FA8B758D3 /* PlayfairDisplay-BlackItalic.ttf in Resources */,
				857713BACC5D4FBBBDA14B0A /* PlayfairDisplay-Bold.ttf in Resources */,
				CA6881FCC3B1439BB2B2C245 /* PlayfairDisplay-BoldItalic.ttf in Resources */,
				D4F5A54484CC4B13A84762D7 /* PlayfairDisplay-Regular.ttf in Resources */,
				742C4AE46BCF4E69A49595C4 /* PlayfairDisplay-RegularItalic.ttf in Resources */,
				6B15AAC9D7EC474EB8410FFB /* Poppins-Black.ttf in Resources */,
				374CC8BFF6684023AC72EA4D /* Poppins-BlackItalic.ttf in Resources */,
				5ECBCA1428844A36BDA91D11 /* Poppins-Bold.ttf in Resources */,
				E428860F077E407594D95AEC /* Poppins-BoldItalic.ttf in Resources */,
				4F709698B1704F2DBD34283A /* Poppins-ExtraBold.ttf in Resources */,
				649392E3EFDE485493EB48EE /* Poppins-ExtraBoldItalic.ttf in Resources */,
				A320EB06881C4CACA59D27E7 /* Poppins-ExtraLight.ttf in Resources */,
				9CB36790A534483899D345BF /* Poppins-ExtraLightItalic.ttf in Resources */,
				DD7BA1F78EAC4C6A883EB17E /* Poppins-Light.ttf in Resources */,
				222B9C2B556048968898F19B /* Poppins-LightItalic.ttf in Resources */,
				A1BD094DC96842E9ACBCA5A1 /* Poppins-Medium.ttf in Resources */,
				2AA6533CDFA24B32B5B13D56 /* Poppins-MediumItalic.ttf in Resources */,
				F68D83FC975446108D89CD5A /* Poppins-Regular.ttf in Resources */,
				60F608A6273E441B8FEFA156 /* Poppins-RegularItalic.ttf in Resources */,
				E6553E7BDA40495F81C0888A /* Poppins-SemiBold.ttf in Resources */,
				9BE5D52A53094E32AD950510 /* Poppins-SemiBoldItalic.ttf in Resources */,
				25D2F75F34C54F63A1556F22 /* Poppins-Thin.ttf in Resources */,
				58387E3F6FE94C7EB3B94866 /* Poppins-ThinItalic.ttf in Resources */,
			);
			runOnlyForDeploymentPostprocessing = 0;
		};
		2D02E4791E0B4A5D006451C7 /* Resources */ = {
			isa = PBXResourcesBuildPhase;
			buildActionMask = 2147483647;
			files = (
				2D02E4BD1E0B4A84006451C7 /* Images.xcassets in Resources */,
			);
			runOnlyForDeploymentPostprocessing = 0;
		};
		2D02E48E1E0B4A5D006451C7 /* Resources */ = {
			isa = PBXResourcesBuildPhase;
			buildActionMask = 2147483647;
			files = (
			);
			runOnlyForDeploymentPostprocessing = 0;
		};
/* End PBXResourcesBuildPhase section */

/* Begin PBXShellScriptBuildPhase section */
		00DD1BFF1BD5951E006B06BC /* Bundle React Native code and images */ = {
			isa = PBXShellScriptBuildPhase;
			buildActionMask = 2147483647;
			files = (
			);
			inputPaths = (
			);
			name = "Bundle React Native code and images";
			outputPaths = (
			);
			runOnlyForDeploymentPostprocessing = 0;
			shellPath = /bin/sh;
			shellScript = "export NODE_BINARY=node\n../node_modules/react-native/scripts/react-native-xcode.sh";
		};
		2D02E4CB1E0B4B27006451C7 /* Bundle React Native Code And Images */ = {
			isa = PBXShellScriptBuildPhase;
			buildActionMask = 2147483647;
			files = (
			);
			inputPaths = (
			);
			name = "Bundle React Native Code And Images";
			outputPaths = (
			);
			runOnlyForDeploymentPostprocessing = 0;
			shellPath = /bin/sh;
			shellScript = "export NODE_BINARY=node\n../node_modules/react-native/scripts/react-native-xcode.sh";
		};
		FD10A7F022414F080027D42C /* Start Packager */ = {
			isa = PBXShellScriptBuildPhase;
			buildActionMask = 2147483647;
			files = (
			);
			inputFileListPaths = (
			);
			inputPaths = (
			);
			name = "Start Packager";
			outputFileListPaths = (
			);
			outputPaths = (
			);
			runOnlyForDeploymentPostprocessing = 0;
			shellPath = /bin/sh;
			shellScript = "export RCT_METRO_PORT=\"${RCT_METRO_PORT:=8081}\"\necho \"export RCT_METRO_PORT=${RCT_METRO_PORT}\" > \"${SRCROOT}/../node_modules/react-native/scripts/.packager.env\"\nif [ -z \"${RCT_NO_LAUNCH_PACKAGER+xxx}\" ] ; then\n  if nc -w 5 -z localhost ${RCT_METRO_PORT} ; then\n    if ! curl -s \"http://localhost:${RCT_METRO_PORT}/status\" | grep -q \"packager-status:running\" ; then\n      echo \"Port ${RCT_METRO_PORT} already in use, packager is either not running or not running correctly\"\n      exit 2\n    fi\n  else\n    open \"$SRCROOT/../node_modules/react-native/scripts/launchPackager.command\" || echo \"Can't start packager automatically\"\n  fi\nfi\n";
			showEnvVarsInLog = 0;
		};
		FD10A7F122414F3F0027D42C /* Start Packager */ = {
			isa = PBXShellScriptBuildPhase;
			buildActionMask = 2147483647;
			files = (
			);
			inputFileListPaths = (
			);
			inputPaths = (
			);
			name = "Start Packager";
			outputFileListPaths = (
			);
			outputPaths = (
			);
			runOnlyForDeploymentPostprocessing = 0;
			shellPath = /bin/sh;
			shellScript = "export RCT_METRO_PORT=\"${RCT_METRO_PORT:=8081}\"\necho \"export RCT_METRO_PORT=${RCT_METRO_PORT}\" > \"${SRCROOT}/../node_modules/react-native/scripts/.packager.env\"\nif [ -z \"${RCT_NO_LAUNCH_PACKAGER+xxx}\" ] ; then\n  if nc -w 5 -z localhost ${RCT_METRO_PORT} ; then\n    if ! curl -s \"http://localhost:${RCT_METRO_PORT}/status\" | grep -q \"packager-status:running\" ; then\n      echo \"Port ${RCT_METRO_PORT} already in use, packager is either not running or not running correctly\"\n      exit 2\n    fi\n  else\n    open \"$SRCROOT/../node_modules/react-native/scripts/launchPackager.command\" || echo \"Can't start packager automatically\"\n  fi\nfi\n";
			showEnvVarsInLog = 0;
		};
/* End PBXShellScriptBuildPhase section */

/* Begin PBXSourcesBuildPhase section */
		00E356EA1AD99517003FC87E /* Sources */ = {
			isa = PBXSourcesBuildPhase;
			buildActionMask = 2147483647;
			files = (
				00E356F31AD99517003FC87E /* WooShopTests.m in Sources */,
			);
			runOnlyForDeploymentPostprocessing = 0;
		};
		13B07F871A680F5B00A75B9A /* Sources */ = {
			isa = PBXSourcesBuildPhase;
			buildActionMask = 2147483647;
			files = (
				13B07FBC1A68108700A75B9A /* AppDelegate.m in Sources */,
				13B07FC11A68108700A75B9A /* main.m in Sources */,
			);
			runOnlyForDeploymentPostprocessing = 0;
		};
		2D02E4771E0B4A5D006451C7 /* Sources */ = {
			isa = PBXSourcesBuildPhase;
			buildActionMask = 2147483647;
			files = (
				2D02E4BF1E0B4AB3006451C7 /* main.m in Sources */,
				2D02E4BC1E0B4A80006451C7 /* AppDelegate.m in Sources */,
			);
			runOnlyForDeploymentPostprocessing = 0;
		};
		2D02E48C1E0B4A5D006451C7 /* Sources */ = {
			isa = PBXSourcesBuildPhase;
			buildActionMask = 2147483647;
			files = (
				2DCD954D1E0B4F2C00145EB5 /* WooShopTests.m in Sources */,
			);
			runOnlyForDeploymentPostprocessing = 0;
		};
/* End PBXSourcesBuildPhase section */

/* Begin PBXTargetDependency section */
		00E356F51AD99517003FC87E /* PBXTargetDependency */ = {
			isa = PBXTargetDependency;
			target = 13B07F861A680F5B00A75B9A /* WooShop */;
			targetProxy = 00E356F41AD99517003FC87E /* PBXContainerItemProxy */;
		};
		2D02E4921E0B4A5D006451C7 /* PBXTargetDependency */ = {
			isa = PBXTargetDependency;
			target = 2D02E47A1E0B4A5D006451C7 /* WooShop-tvOS */;
			targetProxy = 2D02E4911E0B4A5D006451C7 /* PBXContainerItemProxy */;
		};
/* End PBXTargetDependency section */

/* Begin PBXVariantGroup section */
		13B07FB11A68108700A75B9A /* LaunchScreen.xib */ = {
			isa = PBXVariantGroup;
			children = (
				13B07FB21A68108700A75B9A /* Base */,
			);
			name = LaunchScreen.xib;
			path = WooShop;
			sourceTree = "<group>";
		};
/* End PBXVariantGroup section */

/* Begin XCBuildConfiguration section */
		00E356F61AD99517003FC87E /* Debug */ = {
			isa = XCBuildConfiguration;
			buildSettings = {
				BUNDLE_LOADER = "$(TEST_HOST)";
				GCC_PREPROCESSOR_DEFINITIONS = (
					"DEBUG=1",
					"$(inherited)",
				);
				INFOPLIST_FILE = WooShopTests/Info.plist;
				IPHONEOS_DEPLOYMENT_TARGET = 9.0;
				LD_RUNPATH_SEARCH_PATHS = "$(inherited) @executable_path/Frameworks @loader_path/Frameworks";
				OTHER_LDFLAGS = (
					"-ObjC",
					"-lc++",
					"$(inherited)",
				);
				PRODUCT_BUNDLE_IDENTIFIER = "org.reactjs.native.example.$(PRODUCT_NAME:rfc1034identifier)";
				PRODUCT_NAME = "$(TARGET_NAME)";
				TEST_HOST = "$(BUILT_PRODUCTS_DIR)/WooShop.app/WooShop";
			};
			name = Debug;
		};
		00E356F71AD99517003FC87E /* Release */ = {
			isa = XCBuildConfiguration;
			buildSettings = {
				BUNDLE_LOADER = "$(TEST_HOST)";
				COPY_PHASE_STRIP = NO;
				INFOPLIST_FILE = WooShopTests/Info.plist;
				IPHONEOS_DEPLOYMENT_TARGET = 9.0;
				LD_RUNPATH_SEARCH_PATHS = "$(inherited) @executable_path/Frameworks @loader_path/Frameworks";
				OTHER_LDFLAGS = (
					"-ObjC",
					"-lc++",
					"$(inherited)",
				);
				PRODUCT_BUNDLE_IDENTIFIER = "org.reactjs.native.example.$(PRODUCT_NAME:rfc1034identifier)";
				PRODUCT_NAME = "$(TARGET_NAME)";
				TEST_HOST = "$(BUILT_PRODUCTS_DIR)/WooShop.app/WooShop";
			};
			name = Release;
		};
		13B07F941A680F5B00A75B9A /* Debug */ = {
			isa = XCBuildConfiguration;
			buildSettings = {
				ASSETCATALOG_COMPILER_APPICON_NAME = AppIcon;
				CURRENT_PROJECT_VERSION = 1;
				DEAD_CODE_STRIPPING = NO;
				INFOPLIST_FILE = WooShop/Info.plist;
				LD_RUNPATH_SEARCH_PATHS = "$(inherited) @executable_path/Frameworks";
				OTHER_LDFLAGS = (
					"$(inherited)",
					"-ObjC",
					"-lc++",
				);
				PRODUCT_BUNDLE_IDENTIFIER = "org.reactjs.native.example.$(PRODUCT_NAME:rfc1034identifier)";
				PRODUCT_NAME = WooShop;
				VERSIONING_SYSTEM = "apple-generic";
			};
			name = Debug;
		};
		13B07F951A680F5B00A75B9A /* Release */ = {
			isa = XCBuildConfiguration;
			buildSettings = {
				ASSETCATALOG_COMPILER_APPICON_NAME = AppIcon;
				CURRENT_PROJECT_VERSION = 1;
				INFOPLIST_FILE = WooShop/Info.plist;
				LD_RUNPATH_SEARCH_PATHS = "$(inherited) @executable_path/Frameworks";
				OTHER_LDFLAGS = (
					"$(inherited)",
					"-ObjC",
					"-lc++",
				);
				PRODUCT_BUNDLE_IDENTIFIER = "org.reactjs.native.example.$(PRODUCT_NAME:rfc1034identifier)";
				PRODUCT_NAME = WooShop;
				VERSIONING_SYSTEM = "apple-generic";
			};
			name = Release;
		};
		2D02E4971E0B4A5E006451C7 /* Debug */ = {
			isa = XCBuildConfiguration;
			buildSettings = {
				ASSETCATALOG_COMPILER_APPICON_NAME = "App Icon & Top Shelf Image";
				ASSETCATALOG_COMPILER_LAUNCHIMAGE_NAME = LaunchImage;
				CLANG_ANALYZER_NONNULL = YES;
				CLANG_WARN_DOCUMENTATION_COMMENTS = YES;
				CLANG_WARN_INFINITE_RECURSION = YES;
				CLANG_WARN_SUSPICIOUS_MOVE = YES;
				DEBUG_INFORMATION_FORMAT = dwarf;
				ENABLE_TESTABILITY = YES;
				GCC_NO_COMMON_BLOCKS = YES;
				INFOPLIST_FILE = "WooShop-tvOS/Info.plist";
				LD_RUNPATH_SEARCH_PATHS = "$(inherited) @executable_path/Frameworks";
				OTHER_LDFLAGS = (
					"$(inherited)",
					"-ObjC",
					"-lc++",
				);
				PRODUCT_BUNDLE_IDENTIFIER = "com.facebook.REACT.WooShop-tvOS";
				PRODUCT_NAME = "$(TARGET_NAME)";
				SDKROOT = appletvos;
				TARGETED_DEVICE_FAMILY = 3;
				TVOS_DEPLOYMENT_TARGET = 9.2;
			};
			name = Debug;
		};
		2D02E4981E0B4A5E006451C7 /* Release */ = {
			isa = XCBuildConfiguration;
			buildSettings = {
				ASSETCATALOG_COMPILER_APPICON_NAME = "App Icon & Top Shelf Image";
				ASSETCATALOG_COMPILER_LAUNCHIMAGE_NAME = LaunchImage;
				CLANG_ANALYZER_NONNULL = YES;
				CLANG_WARN_DOCUMENTATION_COMMENTS = YES;
				CLANG_WARN_INFINITE_RECURSION = YES;
				CLANG_WARN_SUSPICIOUS_MOVE = YES;
				COPY_PHASE_STRIP = NO;
				DEBUG_INFORMATION_FORMAT = "dwarf-with-dsym";
				GCC_NO_COMMON_BLOCKS = YES;
				INFOPLIST_FILE = "WooShop-tvOS/Info.plist";
				LD_RUNPATH_SEARCH_PATHS = "$(inherited) @executable_path/Frameworks";
				OTHER_LDFLAGS = (
					"$(inherited)",
					"-ObjC",
					"-lc++",
				);
				PRODUCT_BUNDLE_IDENTIFIER = "com.facebook.REACT.WooShop-tvOS";
				PRODUCT_NAME = "$(TARGET_NAME)";
				SDKROOT = appletvos;
				TARGETED_DEVICE_FAMILY = 3;
				TVOS_DEPLOYMENT_TARGET = 9.2;
			};
			name = Release;
		};
		2D02E4991E0B4A5E006451C7 /* Debug */ = {
			isa = XCBuildConfiguration;
			buildSettings = {
				BUNDLE_LOADER = "$(TEST_HOST)";
				CLANG_ANALYZER_NONNULL = YES;
				CLANG_WARN_DOCUMENTATION_COMMENTS = YES;
				CLANG_WARN_INFINITE_RECURSION = YES;
				CLANG_WARN_SUSPICIOUS_MOVE = YES;
				DEBUG_INFORMATION_FORMAT = dwarf;
				ENABLE_TESTABILITY = YES;
				GCC_NO_COMMON_BLOCKS = YES;
				INFOPLIST_FILE = "WooShop-tvOSTests/Info.plist";
				LD_RUNPATH_SEARCH_PATHS = "$(inherited) @executable_path/Frameworks @loader_path/Frameworks";
				OTHER_LDFLAGS = (
					"$(inherited)",
					"-ObjC",
					"-lc++",
				);
				PRODUCT_BUNDLE_IDENTIFIER = "com.facebook.REACT.WooShop-tvOSTests";
				PRODUCT_NAME = "$(TARGET_NAME)";
				SDKROOT = appletvos;
				TEST_HOST = "$(BUILT_PRODUCTS_DIR)/WooShop-tvOS.app/WooShop-tvOS";
				TVOS_DEPLOYMENT_TARGET = 10.1;
			};
			name = Debug;
		};
		2D02E49A1E0B4A5E006451C7 /* Release */ = {
			isa = XCBuildConfiguration;
			buildSettings = {
				BUNDLE_LOADER = "$(TEST_HOST)";
				CLANG_ANALYZER_NONNULL = YES;
				CLANG_WARN_DOCUMENTATION_COMMENTS = YES;
				CLANG_WARN_INFINITE_RECURSION = YES;
				CLANG_WARN_SUSPICIOUS_MOVE = YES;
				COPY_PHASE_STRIP = NO;
				DEBUG_INFORMATION_FORMAT = "dwarf-with-dsym";
				GCC_NO_COMMON_BLOCKS = YES;
				INFOPLIST_FILE = "WooShop-tvOSTests/Info.plist";
				LD_RUNPATH_SEARCH_PATHS = "$(inherited) @executable_path/Frameworks @loader_path/Frameworks";
				OTHER_LDFLAGS = (
					"$(inherited)",
					"-ObjC",
					"-lc++",
				);
				PRODUCT_BUNDLE_IDENTIFIER = "com.facebook.REACT.WooShop-tvOSTests";
				PRODUCT_NAME = "$(TARGET_NAME)";
				SDKROOT = appletvos;
				TEST_HOST = "$(BUILT_PRODUCTS_DIR)/WooShop-tvOS.app/WooShop-tvOS";
				TVOS_DEPLOYMENT_TARGET = 10.1;
			};
			name = Release;
		};
		83CBBA201A601CBA00E9B192 /* Debug */ = {
			isa = XCBuildConfiguration;
			buildSettings = {
				ALWAYS_SEARCH_USER_PATHS = NO;
				CLANG_CXX_LANGUAGE_STANDARD = "gnu++0x";
				CLANG_CXX_LIBRARY = "libc++";
				CLANG_ENABLE_MODULES = YES;
				CLANG_ENABLE_OBJC_ARC = YES;
				CLANG_WARN_BLOCK_CAPTURE_AUTORELEASING = YES;
				CLANG_WARN_BOOL_CONVERSION = YES;
				CLANG_WARN_COMMA = YES;
				CLANG_WARN_CONSTANT_CONVERSION = YES;
				CLANG_WARN_DEPRECATED_OBJC_IMPLEMENTATIONS = YES;
				CLANG_WARN_DIRECT_OBJC_ISA_USAGE = YES_ERROR;
				CLANG_WARN_EMPTY_BODY = YES;
				CLANG_WARN_ENUM_CONVERSION = YES;
				CLANG_WARN_INFINITE_RECURSION = YES;
				CLANG_WARN_INT_CONVERSION = YES;
				CLANG_WARN_NON_LITERAL_NULL_CONVERSION = YES;
				CLANG_WARN_OBJC_IMPLICIT_RETAIN_SELF = YES;
				CLANG_WARN_OBJC_LITERAL_CONVERSION = YES;
				CLANG_WARN_OBJC_ROOT_CLASS = YES_ERROR;
				CLANG_WARN_RANGE_LOOP_ANALYSIS = YES;
				CLANG_WARN_STRICT_PROTOTYPES = YES;
				CLANG_WARN_SUSPICIOUS_MOVE = YES;
				CLANG_WARN_UNREACHABLE_CODE = YES;
				CLANG_WARN__DUPLICATE_METHOD_MATCH = YES;
				"CODE_SIGN_IDENTITY[sdk=iphoneos*]" = "iPhone Developer";
				COPY_PHASE_STRIP = NO;
				ENABLE_STRICT_OBJC_MSGSEND = YES;
				ENABLE_TESTABILITY = YES;
				GCC_C_LANGUAGE_STANDARD = gnu99;
				GCC_DYNAMIC_NO_PIC = NO;
				GCC_NO_COMMON_BLOCKS = YES;
				GCC_OPTIMIZATION_LEVEL = 0;
				GCC_PREPROCESSOR_DEFINITIONS = (
					"DEBUG=1",
					"$(inherited)",
				);
				GCC_SYMBOLS_PRIVATE_EXTERN = NO;
				GCC_WARN_64_TO_32_BIT_CONVERSION = YES;
				GCC_WARN_ABOUT_RETURN_TYPE = YES_ERROR;
				GCC_WARN_UNDECLARED_SELECTOR = YES;
				GCC_WARN_UNINITIALIZED_AUTOS = YES_AGGRESSIVE;
				GCC_WARN_UNUSED_FUNCTION = YES;
				GCC_WARN_UNUSED_VARIABLE = YES;
				IPHONEOS_DEPLOYMENT_TARGET = 9.0;
				MTL_ENABLE_DEBUG_INFO = YES;
				ONLY_ACTIVE_ARCH = YES;
				SDKROOT = iphoneos;
			};
			name = Debug;
		};
		83CBBA211A601CBA00E9B192 /* Release */ = {
			isa = XCBuildConfiguration;
			buildSettings = {
				ALWAYS_SEARCH_USER_PATHS = NO;
				CLANG_CXX_LANGUAGE_STANDARD = "gnu++0x";
				CLANG_CXX_LIBRARY = "libc++";
				CLANG_ENABLE_MODULES = YES;
				CLANG_ENABLE_OBJC_ARC = YES;
				CLANG_WARN_BLOCK_CAPTURE_AUTORELEASING = YES;
				CLANG_WARN_BOOL_CONVERSION = YES;
				CLANG_WARN_COMMA = YES;
				CLANG_WARN_CONSTANT_CONVERSION = YES;
				CLANG_WARN_DEPRECATED_OBJC_IMPLEMENTATIONS = YES;
				CLANG_WARN_DIRECT_OBJC_ISA_USAGE = YES_ERROR;
				CLANG_WARN_EMPTY_BODY = YES;
				CLANG_WARN_ENUM_CONVERSION = YES;
				CLANG_WARN_INFINITE_RECURSION = YES;
				CLANG_WARN_INT_CONVERSION = YES;
				CLANG_WARN_NON_LITERAL_NULL_CONVERSION = YES;
				CLANG_WARN_OBJC_IMPLICIT_RETAIN_SELF = YES;
				CLANG_WARN_OBJC_LITERAL_CONVERSION = YES;
				CLANG_WARN_OBJC_ROOT_CLASS = YES_ERROR;
				CLANG_WARN_RANGE_LOOP_ANALYSIS = YES;
				CLANG_WARN_STRICT_PROTOTYPES = YES;
				CLANG_WARN_SUSPICIOUS_MOVE = YES;
				CLANG_WARN_UNREACHABLE_CODE = YES;
				CLANG_WARN__DUPLICATE_METHOD_MATCH = YES;
				"CODE_SIGN_IDENTITY[sdk=iphoneos*]" = "iPhone Developer";
				COPY_PHASE_STRIP = YES;
				ENABLE_NS_ASSERTIONS = NO;
				ENABLE_STRICT_OBJC_MSGSEND = YES;
				GCC_C_LANGUAGE_STANDARD = gnu99;
				GCC_NO_COMMON_BLOCKS = YES;
				GCC_WARN_64_TO_32_BIT_CONVERSION = YES;
				GCC_WARN_ABOUT_RETURN_TYPE = YES_ERROR;
				GCC_WARN_UNDECLARED_SELECTOR = YES;
				GCC_WARN_UNINITIALIZED_AUTOS = YES_AGGRESSIVE;
				GCC_WARN_UNUSED_FUNCTION = YES;
				GCC_WARN_UNUSED_VARIABLE = YES;
				IPHONEOS_DEPLOYMENT_TARGET = 9.0;
				MTL_ENABLE_DEBUG_INFO = NO;
				SDKROOT = iphoneos;
				VALIDATE_PRODUCT = YES;
			};
			name = Release;
		};
/* End XCBuildConfiguration section */

/* Begin XCConfigurationList section */
		00E357021AD99517003FC87E /* Build configuration list for PBXNativeTarget "WooShopTests" */ = {
			isa = XCConfigurationList;
			buildConfigurations = (
				00E356F61AD99517003FC87E /* Debug */,
				00E356F71AD99517003FC87E /* Release */,
			);
			defaultConfigurationIsVisible = 0;
			defaultConfigurationName = Release;
		};
		13B07F931A680F5B00A75B9A /* Build configuration list for PBXNativeTarget "WooShop" */ = {
			isa = XCConfigurationList;
			buildConfigurations = (
				13B07F941A680F5B00A75B9A /* Debug */,
				13B07F951A680F5B00A75B9A /* Release */,
			);
			defaultConfigurationIsVisible = 0;
			defaultConfigurationName = Release;
		};
		2D02E4BA1E0B4A5E006451C7 /* Build configuration list for PBXNativeTarget "WooShop-tvOS" */ = {
			isa = XCConfigurationList;
			buildConfigurations = (
				2D02E4971E0B4A5E006451C7 /* Debug */,
				2D02E4981E0B4A5E006451C7 /* Release */,
			);
			defaultConfigurationIsVisible = 0;
			defaultConfigurationName = Release;
		};
		2D02E4BB1E0B4A5E006451C7 /* Build configuration list for PBXNativeTarget "WooShop-tvOSTests" */ = {
			isa = XCConfigurationList;
			buildConfigurations = (
				2D02E4991E0B4A5E006451C7 /* Debug */,
				2D02E49A1E0B4A5E006451C7 /* Release */,
			);
			defaultConfigurationIsVisible = 0;
			defaultConfigurationName = Release;
		};
		83CBB9FA1A601CBA00E9B192 /* Build configuration list for PBXProject "WooShop" */ = {
			isa = XCConfigurationList;
			buildConfigurations = (
				83CBBA201A601CBA00E9B192 /* Debug */,
				83CBBA211A601CBA00E9B192 /* Release */,
			);
			defaultConfigurationIsVisible = 0;
			defaultConfigurationName = Release;
		};
/* End XCConfigurationList section */
	};
	rootObject = 83CBB9F71A601CBA00E9B192 /* Project object */;
}
